
Microsoft Visual Studio Solution File, Format Version 12.00
# Visual Studio 15
Project("{FAE04EC0-301F-11D3-BF4B-00C04F79EFBC}") = "Earth Defender", "Earth Defender.csproj", "{3FB3977B-C3E6-9C8C-0749-D994D2421CDF}"
EndProject
Project("{FAE04EC0-301F-11D3-BF4B-00C04F79EFBC}") = "Earth Defender.Editor", "Earth Defender.Editor.csproj", "{949C036C-2CF8-B6B9-96DE-D4B23A568F1C}"
EndProject
Global
	GlobalSection(SolutionConfigurationPlatforms) = preSolution
		Debug|Any CPU = Debug|Any CPU
		Release|Any CPU = Release|Any CPU
	EndGlobalSection
	GlobalSection(ProjectConfigurationPlatforms) = postSolution
		{3FB3977B-C3E6-9C8C-0749-D994D2421CDF}.Debug|Any CPU.ActiveCfg = Debug|Any CPU
		{3FB3977B-C3E6-9C8C-0749-D994D2421CDF}.Debug|Any CPU.Build.0 = Debug|Any CPU
		{3FB3977B-C3E6-9C8C-0749-D994D2421CDF}.Release|Any CPU.ActiveCfg = Release|Any CPU
		{3FB3977B-C3E6-9C8C-0749-D994D2421CDF}.Release|Any CPU.Build.0 = Release|Any CPU
		{949C036C-2CF8-B6B9-96DE-D4B23A568F1C}.Debug|Any CPU.ActiveCfg = Debug|Any CPU
		{949C036C-2CF8-B6B9-96DE-D4B23A568F1C}.Debug|Any CPU.Build.0 = Debug|Any CPU
		{949C036C-2CF8-B6B9-96DE-D4B23A568F1C}.Release|Any CPU.ActiveCfg = Release|Any CPU
		{949C036C-2CF8-B6B9-96DE-D4B23A568F1C}.Release|Any CPU.Build.0 = Release|Any CPU
	EndGlobalSection
	GlobalSection(SolutionProperties) = preSolution
		HideSolutionNode = FALSE
	EndGlobalSection
EndGlobal
